
Microsoft Visual Studio Solution File, Format Version 12.00
# Visual Studio Version 17
VisualStudioVersion = 17.9.34728.123
MinimumVisualStudioVersion = 10.0.40219.1
Project("{FAE04EC0-301F-11D3-BF4B-00C04F79EFBC}") = "UniqloMVC", "UniqloMVC\UniqloMVC.csproj", "{2860FC29-464E-4E5F-8B57-C111A37BEA12}"
EndProject
Global
	GlobalSection(SolutionConfigurationPlatforms) = preSolution
		Debug|Any CPU = Debug|Any CPU
		Release|Any CPU = Release|Any CPU
	EndGlobalSection
	GlobalSection(ProjectConfigurationPlatforms) = postSolution
		{2860FC29-464E-4E5F-8B57-C111A37BEA12}.Debug|Any CPU.ActiveCfg = Debug|Any CPU
		{2860FC29-464E-4E5F-8B57-C111A37BEA12}.Debug|Any CPU.Build.0 = Debug|Any CPU
		{2860FC29-464E-4E5F-8B57-C111A37BEA12}.Release|Any CPU.ActiveCfg = Release|Any CPU
		{2860FC29-464E-4E5F-8B57-C111A37BEA12}.Release|Any CPU.Build.0 = Release|Any CPU
	EndGlobalSection
	GlobalSection(SolutionProperties) = preSolution
		HideSolutionNode = FALSE
	EndGlobalSection
	GlobalSection(ExtensibilityGlobals) = postSolution
		SolutionGuid = {E2C927F7-B024-4AE5-B735-EF9DB4BEAC1B}
	EndGlobalSection
EndGlobal
